// !$*UTF8*$!
{
	archiveVersion = 1;
	classes = {
	};
	objectVersion = 50;
	objects = {

/* Begin PBXBuildFile section */
		A80545F0230A400500A964B1 /* Property.swift in Sources */ = {isa = PBXBuildFile; fileRef = A80545EF230A400500A964B1 /* Property.swift */; };
		A86BDE0723370C3D00C4C9A9 /* AlertView.swift in Sources */ = {isa = PBXBuildFile; fileRef = A86BDE0623370C3D00C4C9A9 /* AlertView.swift */; };
		A86BDE0923384EA400C4C9A9 /* PropertyPointAnnotation.swift in Sources */ = {isa = PBXBuildFile; fileRef = A86BDE0823384EA400C4C9A9 /* PropertyPointAnnotation.swift */; };
		A86BDE0C234463DE00C4C9A9 /* SearchVC.swift in Sources */ = {isa = PBXBuildFile; fileRef = A86BDE0A234463DE00C4C9A9 /* SearchVC.swift */; };
		A88E409A231C3E6000913935 /* ChooseCityVC.swift in Sources */ = {isa = PBXBuildFile; fileRef = A88E4099231C3E6000913935 /* ChooseCityVC.swift */; };
		A88E409C231C3F5D00913935 /* HeaderLabel.swift in Sources */ = {isa = PBXBuildFile; fileRef = A88E409B231C3F5D00913935 /* HeaderLabel.swift */; };
		A8A834522309D85700A945AC /* AppDelegate.swift in Sources */ = {isa = PBXBuildFile; fileRef = A8A834512309D85700A945AC /* AppDelegate.swift */; };
		A8A834572309D85800A945AC /* Main.storyboard in Resources */ = {isa = PBXBuildFile; fileRef = A8A834552309D85800A945AC /* Main.storyboard */; };
		A8A834592309D86400A945AC /* Assets.xcassets in Resources */ = {isa = PBXBuildFile; fileRef = A8A834582309D86400A945AC /* Assets.xcassets */; };
		A8A8345C2309D86400A945AC /* LaunchScreen.storyboard in Resources */ = {isa = PBXBuildFile; fileRef = A8A8345A2309D86400A945AC /* LaunchScreen.storyboard */; };
		A8DA5E6A231C4B45005F2F44 /* ChooseCityTextField.swift in Sources */ = {isa = PBXBuildFile; fileRef = A8DA5E69231C4B45005F2F44 /* ChooseCityTextField.swift */; };
		A8DA5E6F231CA1DE005F2F44 /* MapVC.swift in Sources */ = {isa = PBXBuildFile; fileRef = A8DA5E6D231CA1DE005F2F44 /* MapVC.swift */; };
		A8E46E5E2309E56F000A8467 /* WebService.swift in Sources */ = {isa = PBXBuildFile; fileRef = A8E46E5D2309E56F000A8467 /* WebService.swift */; };
		A8E46E602309EA4D000A8467 /* PropertyStore.swift in Sources */ = {isa = PBXBuildFile; fileRef = A8E46E5F2309EA4D000A8467 /* PropertyStore.swift */; };
/* End PBXBuildFile section */

/* Begin PBXFileReference section */
		A80545EF230A400500A964B1 /* Property.swift */ = {isa = PBXFileReference; lastKnownFileType = sourcecode.swift; path = Property.swift; sourceTree = "<group>"; };
		A86BDE0623370C3D00C4C9A9 /* AlertView.swift */ = {isa = PBXFileReference; lastKnownFileType = sourcecode.swift; path = AlertView.swift; sourceTree = "<group>"; };
		A86BDE0823384EA400C4C9A9 /* PropertyPointAnnotation.swift */ = {isa = PBXFileReference; lastKnownFileType = sourcecode.swift; path = PropertyPointAnnotation.swift; sourceTree = "<group>"; };
		A86BDE0A234463DE00C4C9A9 /* SearchVC.swift */ = {isa = PBXFileReference; lastKnownFileType = sourcecode.swift; path = SearchVC.swift; sourceTree = "<group>"; };
		A88E4099231C3E6000913935 /* ChooseCityVC.swift */ = {isa = PBXFileReference; lastKnownFileType = sourcecode.swift; path = ChooseCityVC.swift; sourceTree = "<group>"; };
		A88E409B231C3F5D00913935 /* HeaderLabel.swift */ = {isa = PBXFileReference; lastKnownFileType = sourcecode.swift; path = HeaderLabel.swift; sourceTree = "<group>"; };
		A8A8344E2309D85700A945AC /* Paddy.app */ = {isa = PBXFileReference; explicitFileType = wrapper.application; includeInIndex = 0; path = Paddy.app; sourceTree = BUILT_PRODUCTS_DIR; };
		A8A834512309D85700A945AC /* AppDelegate.swift */ = {isa = PBXFileReference; lastKnownFileType = sourcecode.swift; path = AppDelegate.swift; sourceTree = "<group>"; };
		A8A834562309D85800A945AC /* Base */ = {isa = PBXFileReference; lastKnownFileType = file.storyboard; name = Base; path = Base.lproj/Main.storyboard; sourceTree = "<group>"; };
		A8A834582309D86400A945AC /* Assets.xcassets */ = {isa = PBXFileReference; lastKnownFileType = folder.assetcatalog; path = Assets.xcassets; sourceTree = "<group>"; };
		A8A8345B2309D86400A945AC /* Base */ = {isa = PBXFileReference; lastKnownFileType = file.storyboard; name = Base; path = Base.lproj/LaunchScreen.storyboard; sourceTree = "<group>"; };
		A8A8345D2309D86400A945AC /* Info.plist */ = {isa = PBXFileReference; lastKnownFileType = text.plist.xml; path = Info.plist; sourceTree = "<group>"; };
		A8DA5E69231C4B45005F2F44 /* ChooseCityTextField.swift */ = {isa = PBXFileReference; lastKnownFileType = sourcecode.swift; path = ChooseCityTextField.swift; sourceTree = "<group>"; };
		A8DA5E6D231CA1DE005F2F44 /* MapVC.swift */ = {isa = PBXFileReference; lastKnownFileType = sourcecode.swift; path = MapVC.swift; sourceTree = "<group>"; };
		A8E46E5D2309E56F000A8467 /* WebService.swift */ = {isa = PBXFileReference; lastKnownFileType = sourcecode.swift; path = WebService.swift; sourceTree = "<group>"; };
		A8E46E5F2309EA4D000A8467 /* PropertyStore.swift */ = {isa = PBXFileReference; lastKnownFileType = sourcecode.swift; path = PropertyStore.swift; sourceTree = "<group>"; };
/* End PBXFileReference section */

/* Begin PBXFrameworksBuildPhase section */
		A8A8344B2309D85700A945AC /* Frameworks */ = {
			isa = PBXFrameworksBuildPhase;
			buildActionMask = 2147483647;
			files = (
			);
			runOnlyForDeploymentPostprocessing = 0;
		};
/* End PBXFrameworksBuildPhase section */

/* Begin PBXGroup section */
		A8A834452309D85700A945AC = {
			isa = PBXGroup;
			children = (
				A8A834502309D85700A945AC /* Paddy */,
				A8A8344F2309D85700A945AC /* Products */,
			);
			sourceTree = "<group>";
		};
		A8A8344F2309D85700A945AC /* Products */ = {
			isa = PBXGroup;
			children = (
				A8A8344E2309D85700A945AC /* Paddy.app */,
			);
			name = Products;
			sourceTree = "<group>";
		};
		A8A834502309D85700A945AC /* Paddy */ = {
			isa = PBXGroup;
			children = (
				A8A834672309DA7A00A945AC /* Services */,
				A8A834662309DA7400A945AC /* Model */,
				A8A834652309DA6F00A945AC /* View */,
				A8A834642309DA6700A945AC /* Controller */,
				A8A834632309DA5C00A945AC /* Support Files */,
				A8A8345D2309D86400A945AC /* Info.plist */,
			);
			path = Paddy;
			sourceTree = "<group>";
		};
		A8A834632309DA5C00A945AC /* Support Files */ = {
			isa = PBXGroup;
			children = (
				A8A834512309D85700A945AC /* AppDelegate.swift */,
				A8A834582309D86400A945AC /* Assets.xcassets */,
				A8A8345A2309D86400A945AC /* LaunchScreen.storyboard */,
			);
			path = "Support Files";
			sourceTree = "<group>";
		};
		A8A834642309DA6700A945AC /* Controller */ = {
			isa = PBXGroup;
			children = (
				A88E4099231C3E6000913935 /* ChooseCityVC.swift */,
				A8DA5E6D231CA1DE005F2F44 /* MapVC.swift */,
				A86BDE0A234463DE00C4C9A9 /* SearchVC.swift */,
			);
			path = Controller;
			sourceTree = "<group>";
		};
		A8A834652309DA6F00A945AC /* View */ = {
			isa = PBXGroup;
			children = (
				A8A834552309D85800A945AC /* Main.storyboard */,
				A88E409B231C3F5D00913935 /* HeaderLabel.swift */,
				A8DA5E69231C4B45005F2F44 /* ChooseCityTextField.swift */,
				A86BDE0623370C3D00C4C9A9 /* AlertView.swift */,
				A86BDE0823384EA400C4C9A9 /* PropertyPointAnnotation.swift */,
			);
			path = View;
			sourceTree = "<group>";
		};
		A8A834662309DA7400A945AC /* Model */ = {
			isa = PBXGroup;
			children = (
				A80545EF230A400500A964B1 /* Property.swift */,
			);
			path = Model;
			sourceTree = "<group>";
		};
		A8A834672309DA7A00A945AC /* Services */ = {
			isa = PBXGroup;
			children = (
				A8E46E5D2309E56F000A8467 /* WebService.swift */,
				A8E46E5F2309EA4D000A8467 /* PropertyStore.swift */,
			);
			path = Services;
			sourceTree = "<group>";
		};
/* End PBXGroup section */

/* Begin PBXNativeTarget section */
		A8A8344D2309D85700A945AC /* Paddy */ = {
			isa = PBXNativeTarget;
			buildConfigurationList = A8A834602309D86400A945AC /* Build configuration list for PBXNativeTarget "Paddy" */;
			buildPhases = (
				A8A8344A2309D85700A945AC /* Sources */,
				A8A8344B2309D85700A945AC /* Frameworks */,
				A8A8344C2309D85700A945AC /* Resources */,
			);
			buildRules = (
			);
			dependencies = (
			);
			name = Paddy;
			productName = Paddy;
			productReference = A8A8344E2309D85700A945AC /* Paddy.app */;
			productType = "com.apple.product-type.application";
		};
/* End PBXNativeTarget section */

/* Begin PBXProject section */
		A8A834462309D85700A945AC /* Project object */ = {
			isa = PBXProject;
			attributes = {
				LastSwiftUpdateCheck = 1030;
				LastUpgradeCheck = 1030;
				ORGANIZATIONNAME = "Matt Deuschle";
				TargetAttributes = {
					A8A8344D2309D85700A945AC = {
						CreatedOnToolsVersion = 10.3;
					};
				};
			};
			buildConfigurationList = A8A834492309D85700A945AC /* Build configuration list for PBXProject "Paddy" */;
			compatibilityVersion = "Xcode 9.3";
			developmentRegion = en;
			hasScannedForEncodings = 0;
			knownRegions = (
				en,
				Base,
			);
			mainGroup = A8A834452309D85700A945AC;
			productRefGroup = A8A8344F2309D85700A945AC /* Products */;
			projectDirPath = "";
			projectRoot = "";
			targets = (
				A8A8344D2309D85700A945AC /* Paddy */,
			);
		};
/* End PBXProject section */

/* Begin PBXResourcesBuildPhase section */
		A8A8344C2309D85700A945AC /* Resources */ = {
			isa = PBXResourcesBuildPhase;
			buildActionMask = 2147483647;
			files = (
				A8A8345C2309D86400A945AC /* LaunchScreen.storyboard in Resources */,
				A8A834592309D86400A945AC /* Assets.xcassets in Resources */,
				A8A834572309D85800A945AC /* Main.storyboard in Resources */,
			);
			runOnlyForDeploymentPostprocessing = 0;
		};
/* End PBXResourcesBuildPhase section */

/* Begin PBXSourcesBuildPhase section */
		A8A8344A2309D85700A945AC /* Sources */ = {
			isa = PBXSourcesBuildPhase;
			buildActionMask = 2147483647;
			files = (
				A86BDE0923384EA400C4C9A9 /* PropertyPointAnnotation.swift in Sources */,
				A88E409A231C3E6000913935 /* ChooseCityVC.swift in Sources */,
				A88E409C231C3F5D00913935 /* HeaderLabel.swift in Sources */,
				A86BDE0C234463DE00C4C9A9 /* SearchVC.swift in Sources */,
				A86BDE0723370C3D00C4C9A9 /* AlertView.swift in Sources */,
				A80545F0230A400500A964B1 /* Property.swift in Sources */,
				A8DA5E6A231C4B45005F2F44 /* ChooseCityTextField.swift in Sources */,
				A8E46E602309EA4D000A8467 /* PropertyStore.swift in Sources */,
				A8DA5E6F231CA1DE005F2F44 /* MapVC.swift in Sources */,
				A8E46E5E2309E56F000A8467 /* WebService.swift in Sources */,
				A8A834522309D85700A945AC /* AppDelegate.swift in Sources */,
			);
			runOnlyForDeploymentPostprocessing = 0;
		};
/* End PBXSourcesBuildPhase section */

/* Begin PBXVariantGroup section */
		A8A834552309D85800A945AC /* Main.storyboard */ = {
			isa = PBXVariantGroup;
			children = (
				A8A834562309D85800A945AC /* Base */,
			);
			name = Main.storyboard;
			sourceTree = "<group>";
		};
		A8A8345A2309D86400A945AC /* LaunchScreen.storyboard */ = {
			isa = PBXVariantGroup;
			children = (
				A8A8345B2309D86400A945AC /* Base */,
			);
			name = LaunchScreen.storyboard;
			sourceTree = "<group>";
		};
/* End PBXVariantGroup section */

/* Begin XCBuildConfiguration section */
		A8A8345E2309D86400A945AC /* Debug */ = {
			isa = XCBuildConfiguration;
			buildSettings = {
				ALWAYS_SEARCH_USER_PATHS = NO;
				CLANG_ANALYZER_NONNULL = YES;
				CLANG_ANALYZER_NUMBER_OBJECT_CONVERSION = YES_AGGRESSIVE;
				CLANG_CXX_LANGUAGE_STANDARD = "gnu++14";
				CLANG_CXX_LIBRARY = "libc++";
				CLANG_ENABLE_MODULES = YES;
				CLANG_ENABLE_OBJC_ARC = YES;
				CLANG_ENABLE_OBJC_WEAK = YES;
				CLANG_WARN_BLOCK_CAPTURE_AUTORELEASING = YES;
				CLANG_WARN_BOOL_CONVERSION = YES;
				CLANG_WARN_COMMA = YES;
				CLANG_WARN_CONSTANT_CONVERSION = YES;
				CLANG_WARN_DEPRECATED_OBJC_IMPLEMENTATIONS = YES;
				CLANG_WARN_DIRECT_OBJC_ISA_USAGE = YES_ERROR;
				CLANG_WARN_DOCUMENTATION_COMMENTS = YES;
				CLANG_WARN_EMPTY_BODY = YES;
				CLANG_WARN_ENUM_CONVERSION = YES;
				CLANG_WARN_INFINITE_RECURSION = YES;
				CLANG_WARN_INT_CONVERSION = YES;
				CLANG_WARN_NON_LITERAL_NULL_CONVERSION = YES;
				CLANG_WARN_OBJC_IMPLICIT_RETAIN_SELF = YES;
				CLANG_WARN_OBJC_LITERAL_CONVERSION = YES;
				CLANG_WARN_OBJC_ROOT_CLASS = YES_ERROR;
				CLANG_WARN_RANGE_LOOP_ANALYSIS = YES;
				CLANG_WARN_STRICT_PROTOTYPES = YES;
				CLANG_WARN_SUSPICIOUS_MOVE = YES;
				CLANG_WARN_UNGUARDED_AVAILABILITY = YES_AGGRESSIVE;
				CLANG_WARN_UNREACHABLE_CODE = YES;
				CLANG_WARN__DUPLICATE_METHOD_MATCH = YES;
				CODE_SIGN_IDENTITY = "iPhone Developer";
				COPY_PHASE_STRIP = NO;
				DEBUG_INFORMATION_FORMAT = dwarf;
				ENABLE_STRICT_OBJC_MSGSEND = YES;
				ENABLE_TESTABILITY = YES;
				GCC_C_LANGUAGE_STANDARD = gnu11;
				GCC_DYNAMIC_NO_PIC = NO;
				GCC_NO_COMMON_BLOCKS = YES;
				GCC_OPTIMIZATION_LEVEL = 0;
				GCC_PREPROCESSOR_DEFINITIONS = (
					"DEBUG=1",
					"$(inherited)",
				);
				GCC_WARN_64_TO_32_BIT_CONVERSION = YES;
				GCC_WARN_ABOUT_RETURN_TYPE = YES_ERROR;
				GCC_WARN_UNDECLARED_SELECTOR = YES;
				GCC_WARN_UNINITIALIZED_AUTOS = YES_AGGRESSIVE;
				GCC_WARN_UNUSED_FUNCTION = YES;
				GCC_WARN_UNUSED_VARIABLE = YES;
				IPHONEOS_DEPLOYMENT_TARGET = 12.4;
				MTL_ENABLE_DEBUG_INFO = INCLUDE_SOURCE;
				MTL_FAST_MATH = YES;
				ONLY_ACTIVE_ARCH = YES;
				SDKROOT = iphoneos;
				SWIFT_ACTIVE_COMPILATION_CONDITIONS = DEBUG;
				SWIFT_OPTIMIZATION_LEVEL = "-Onone";
			};
			name = Debug;
		};
		A8A8345F2309D86400A945AC /* Release */ = {
			isa = XCBuildConfiguration;
			buildSettings = {
				ALWAYS_SEARCH_USER_PATHS = NO;
				CLANG_ANALYZER_NONNULL = YES;
				CLANG_ANALYZER_NUMBER_OBJECT_CONVERSION = YES_AGGRESSIVE;
				CLANG_CXX_LANGUAGE_STANDARD = "gnu++14";
				CLANG_CXX_LIBRARY = "libc++";
				CLANG_ENABLE_MODULES = YES;
				CLANG_ENABLE_OBJC_ARC = YES;
				CLANG_ENABLE_OBJC_WEAK = YES;
				CLANG_WARN_BLOCK_CAPTURE_AUTORELEASING = YES;
				CLANG_WARN_BOOL_CONVERSION = YES;
				CLANG_WARN_COMMA = YES;
				CLANG_WARN_CONSTANT_CONVERSION = YES;
				CLANG_WARN_DEPRECATED_OBJC_IMPLEMENTATIONS = YES;
				CLANG_WARN_DIRECT_OBJC_ISA_USAGE = YES_ERROR;
				CLANG_WARN_DOCUMENTATION_COMMENTS = YES;
				CLANG_WARN_EMPTY_BODY = YES;
				CLANG_WARN_ENUM_CONVERSION = YES;
				CLANG_WARN_INFINITE_RECURSION = YES;
				CLANG_WARN_INT_CONVERSION = YES;
				CLANG_WARN_NON_LITERAL_NULL_CONVERSION = YES;
				CLANG_WARN_OBJC_IMPLICIT_RETAIN_SELF = YES;
				CLANG_WARN_OBJC_LITERAL_CONVERSION = YES;
				CLANG_WARN_OBJC_ROOT_CLASS = YES_ERROR;
				CLANG_WARN_RANGE_LOOP_ANALYSIS = YES;
				CLANG_WARN_STRICT_PROTOTYPES = YES;
				CLANG_WARN_SUSPICIOUS_MOVE = YES;
				CLANG_WARN_UNGUARDED_AVAILABILITY = YES_AGGRESSIVE;
				CLANG_WARN_UNREACHABLE_CODE = YES;
				CLANG_WARN__DUPLICATE_METHOD_MATCH = YES;
				CODE_SIGN_IDENTITY = "iPhone Developer";
				COPY_PHASE_STRIP = NO;
				DEBUG_INFORMATION_FORMAT = "dwarf-with-dsym";
				ENABLE_NS_ASSERTIONS = NO;
				ENABLE_STRICT_OBJC_MSGSEND = YES;
				GCC_C_LANGUAGE_STANDARD = gnu11;
				GCC_NO_COMMON_BLOCKS = YES;
				GCC_WARN_64_TO_32_BIT_CONVERSION = YES;
				GCC_WARN_ABOUT_RETURN_TYPE = YES_ERROR;
				GCC_WARN_UNDECLARED_SELECTOR = YES;
				GCC_WARN_UNINITIALIZED_AUTOS = YES_AGGRESSIVE;
				GCC_WARN_UNUSED_FUNCTION = YES;
				GCC_WARN_UNUSED_VARIABLE = YES;
				IPHONEOS_DEPLOYMENT_TARGET = 12.4;
				MTL_ENABLE_DEBUG_INFO = NO;
				MTL_FAST_MATH = YES;
				SDKROOT = iphoneos;
				SWIFT_COMPILATION_MODE = wholemodule;
				SWIFT_OPTIMIZATION_LEVEL = "-O";
				VALIDATE_PRODUCT = YES;
			};
			name = Release;
		};
		A8A834612309D86400A945AC /* Debug */ = {
			isa = XCBuildConfiguration;
			buildSettings = {
				ASSETCATALOG_COMPILER_APPICON_NAME = AppIcon;
				CODE_SIGN_STYLE = Automatic;
				DEVELOPMENT_TEAM = 3DKZWJ5854;
				INFOPLIST_FILE = Paddy/Info.plist;
				LD_RUNPATH_SEARCH_PATHS = (
					"$(inherited)",
					"@executable_path/Frameworks",
				);
				PRODUCT_BUNDLE_IDENTIFIER = MattDeuschle.Paddy;
				PRODUCT_NAME = "$(TARGET_NAME)";
				SWIFT_VERSION = 5.0;
				TARGETED_DEVICE_FAMILY = "1,2";
			};
			name = Debug;
		};
		A8A834622309D86400A945AC /* Release */ = {
			isa = XCBuildConfiguration;
			buildSettings = {
				ASSETCATALOG_COMPILER_APPICON_NAME = AppIcon;
				CODE_SIGN_STYLE = Automatic;
				DEVELOPMENT_TEAM = 3DKZWJ5854;
				INFOPLIST_FILE = Paddy/Info.plist;
				LD_RUNPATH_SEARCH_PATHS = (
					"$(inherited)",
					"@executable_path/Frameworks",
				);
				PRODUCT_BUNDLE_IDENTIFIER = MattDeuschle.Paddy;
				PRODUCT_NAME = "$(TARGET_NAME)";
				SWIFT_VERSION = 5.0;
				TARGETED_DEVICE_FAMILY = "1,2";
			};
			name = Release;
		};
/* End XCBuildConfiguration section */

/* Begin XCConfigurationList section */
		A8A834492309D85700A945AC /* Build configuration list for PBXProject "Paddy" */ = {
			isa = XCConfigurationList;
			buildConfigurations = (
				A8A8345E2309D86400A945AC /* Debug */,
				A8A8345F2309D86400A945AC /* Release */,
			);
			defaultConfigurationIsVisible = 0;
			defaultConfigurationName = Release;
		};
		A8A834602309D86400A945AC /* Build configuration list for PBXNativeTarget "Paddy" */ = {
			isa = XCConfigurationList;
			buildConfigurations = (
				A8A834612309D86400A945AC /* Debug */,
				A8A834622309D86400A945AC /* Release */,
			);
			defaultConfigurationIsVisible = 0;
			defaultConfigurationName = Release;
		};
/* End XCConfigurationList section */
	};
	rootObject = A8A834462309D85700A945AC /* Project object */;
}
